
Microsoft Visual Studio Solution File, Format Version 12.00
# Visual Studio Version 17
VisualStudioVersion = 17.8.34525.116
MinimumVisualStudioVersion = 10.0.40219.1
Project("{FAE04EC0-301F-11D3-BF4B-00C04F79EFBC}") = "MusicPlayer", "MusicPlayer\MusicPlayer.csproj", "{0EF0A485-FA57-41B0-8A82-D68A10E0D3DC}"
EndProject
Global
	GlobalSection(SolutionConfigurationPlatforms) = preSolution
		Debug|Any CPU = Debug|Any CPU
		Release|Any CPU = Release|Any CPU
	EndGlobalSection
	GlobalSection(ProjectConfigurationPlatforms) = postSolution
		{0EF0A485-FA57-41B0-8A82-D68A10E0D3DC}.Debug|Any CPU.ActiveCfg = Debug|Any CPU
		{0EF0A485-FA57-41B0-8A82-D68A10E0D3DC}.Debug|Any CPU.Build.0 = Debug|Any CPU
		{0EF0A485-FA57-41B0-8A82-D68A10E0D3DC}.Release|Any CPU.ActiveCfg = Release|Any CPU
		{0EF0A485-FA57-41B0-8A82-D68A10E0D3DC}.Release|Any CPU.Build.0 = Release|Any CPU
	EndGlobalSection
	GlobalSection(SolutionProperties) = preSolution
		HideSolutionNode = FALSE
	EndGlobalSection
	GlobalSection(ExtensibilityGlobals) = postSolution
		SolutionGuid = {E39A60AB-4E7B-499F-9BC5-17114FD507F2}
	EndGlobalSection
EndGlobal
